
Microsoft Visual Studio Solution File, Format Version 12.00
# Visual Studio 2013
VisualStudioVersion = 12.0.31101.0
MinimumVisualStudioVersion = 10.0.40219.1
Project("{FAE04EC0-301F-11D3-BF4B-00C04F79EFBC}") = "ForTwoPushServer", "ForTwoPushServer\ForTwoPushServer.csproj", "{38FC220B-B102-4B6C-95F8-B8BD8C8C67E0}"
EndProject
Project("{FAE04EC0-301F-11D3-BF4B-00C04F79EFBC}") = "Client.Test", "Client.Test\Client.Test.csproj", "{2F041B2F-50C0-42AC-8F89-D3FD1D2F45EB}"
EndProject
Project("{FAE04EC0-301F-11D3-BF4B-00C04F79EFBC}") = "ForTwo.Services", "ForTwo.Services\ForTwo.Services.csproj", "{D150D4FB-4956-4498-9C92-EDAF936FB3E6}"
EndProject
Project("{FAE04EC0-301F-11D3-BF4B-00C04F79EFBC}") = "ForTwo.Interop", "ForTwo.Interop\ForTwo.Interop.csproj", "{DE1C0F34-06DE-438E-A72E-A0C76C0B6199}"
EndProject
Project("{2150E333-8FDC-42A3-9474-1A3956D46DE8}") = "Hosts", "Hosts", "{17D53604-1188-44CD-BA98-F2BBA8A6F28E}"
EndProject
Project("{2150E333-8FDC-42A3-9474-1A3956D46DE8}") = "OWIN", "OWIN", "{0F9C60B7-033A-4618-BBFD-3CC263F699C8}"
EndProject
Project("{2150E333-8FDC-42A3-9474-1A3956D46DE8}") = "IIS", "IIS", "{B11F81C7-A50E-487C-A7F7-8FF9753516B5}"
EndProject
Project("{FAE04EC0-301F-11D3-BF4B-00C04F79EFBC}") = "ForTwo.Hubs", "ForTwo.Hubs\ForTwo.Hubs.csproj", "{1120CD95-6112-4DCE-B989-B4447C7651F3}"
EndProject
Project("{FAE04EC0-301F-11D3-BF4B-00C04F79EFBC}") = "ForTwo.Api", "ForTwo.Api\ForTwo.Api.csproj", "{6C330B21-D3CD-4D8A-963E-D2BBFD553396}"
EndProject
Project("{FAE04EC0-301F-11D3-BF4B-00C04F79EFBC}") = "ForTwo.Api.OWIN", "ForTwo.Api.OWIN\ForTwo.Api.OWIN.csproj", "{B2AE3A13-F6DB-4DBF-A10F-1B46C8ABAA9B}"
EndProject
Project("{FAE04EC0-301F-11D3-BF4B-00C04F79EFBC}") = "ForTwo.Push.IIS", "ForTwo.Push.IIS\ForTwo.Push.IIS.csproj", "{252BA9EF-E874-4C80-9E0E-0B003DFA1B71}"
EndProject
Project("{FAE04EC0-301F-11D3-BF4B-00C04F79EFBC}") = "ForTwo.Api.IIS", "ForTwo.Api.IIS\ForTwo.Api.IIS.csproj", "{4A00EABC-15A4-4F58-9399-BF3B250C1D5D}"
EndProject
Project("{2150E333-8FDC-42A3-9474-1A3956D46DE8}") = ".nuget", ".nuget", "{C2932715-F34C-4C09-A248-B088A0B2BE8D}"
	ProjectSection(SolutionItems) = preProject
		.nuget\NuGet.Config = .nuget\NuGet.Config
		.nuget\NuGet.exe = .nuget\NuGet.exe
		.nuget\NuGet.targets = .nuget\NuGet.targets
	EndProjectSection
EndProject
Global
	GlobalSection(SolutionConfigurationPlatforms) = preSolution
		Debug|Any CPU = Debug|Any CPU
		Release|Any CPU = Release|Any CPU
	EndGlobalSection
	GlobalSection(ProjectConfigurationPlatforms) = postSolution
		{38FC220B-B102-4B6C-95F8-B8BD8C8C67E0}.Debug|Any CPU.ActiveCfg = Debug|Any CPU
		{38FC220B-B102-4B6C-95F8-B8BD8C8C67E0}.Debug|Any CPU.Build.0 = Debug|Any CPU
		{38FC220B-B102-4B6C-95F8-B8BD8C8C67E0}.Release|Any CPU.ActiveCfg = Release|Any CPU
		{38FC220B-B102-4B6C-95F8-B8BD8C8C67E0}.Release|Any CPU.Build.0 = Release|Any CPU
		{2F041B2F-50C0-42AC-8F89-D3FD1D2F45EB}.Debug|Any CPU.ActiveCfg = Debug|Any CPU
		{2F041B2F-50C0-42AC-8F89-D3FD1D2F45EB}.Debug|Any CPU.Build.0 = Debug|Any CPU
		{2F041B2F-50C0-42AC-8F89-D3FD1D2F45EB}.Release|Any CPU.ActiveCfg = Release|Any CPU
		{2F041B2F-50C0-42AC-8F89-D3FD1D2F45EB}.Release|Any CPU.Build.0 = Release|Any CPU
		{D150D4FB-4956-4498-9C92-EDAF936FB3E6}.Debug|Any CPU.ActiveCfg = Debug|Any CPU
		{D150D4FB-4956-4498-9C92-EDAF936FB3E6}.Debug|Any CPU.Build.0 = Debug|Any CPU
		{D150D4FB-4956-4498-9C92-EDAF936FB3E6}.Release|Any CPU.ActiveCfg = Release|Any CPU
		{D150D4FB-4956-4498-9C92-EDAF936FB3E6}.Release|Any CPU.Build.0 = Release|Any CPU
		{DE1C0F34-06DE-438E-A72E-A0C76C0B6199}.Debug|Any CPU.ActiveCfg = Debug|Any CPU
		{DE1C0F34-06DE-438E-A72E-A0C76C0B6199}.Debug|Any CPU.Build.0 = Debug|Any CPU
		{DE1C0F34-06DE-438E-A72E-A0C76C0B6199}.Release|Any CPU.ActiveCfg = Release|Any CPU
		{DE1C0F34-06DE-438E-A72E-A0C76C0B6199}.Release|Any CPU.Build.0 = Release|Any CPU
		{1120CD95-6112-4DCE-B989-B4447C7651F3}.Debug|Any CPU.ActiveCfg = Debug|Any CPU
		{1120CD95-6112-4DCE-B989-B4447C7651F3}.Debug|Any CPU.Build.0 = Debug|Any CPU
		{1120CD95-6112-4DCE-B989-B4447C7651F3}.Release|Any CPU.ActiveCfg = Release|Any CPU
		{1120CD95-6112-4DCE-B989-B4447C7651F3}.Release|Any CPU.Build.0 = Release|Any CPU
		{6C330B21-D3CD-4D8A-963E-D2BBFD553396}.Debug|Any CPU.ActiveCfg = Debug|Any CPU
		{6C330B21-D3CD-4D8A-963E-D2BBFD553396}.Debug|Any CPU.Build.0 = Debug|Any CPU
		{6C330B21-D3CD-4D8A-963E-D2BBFD553396}.Release|Any CPU.ActiveCfg = Release|Any CPU
		{6C330B21-D3CD-4D8A-963E-D2BBFD553396}.Release|Any CPU.Build.0 = Release|Any CPU
		{B2AE3A13-F6DB-4DBF-A10F-1B46C8ABAA9B}.Debug|Any CPU.ActiveCfg = Debug|Any CPU
		{B2AE3A13-F6DB-4DBF-A10F-1B46C8ABAA9B}.Debug|Any CPU.Build.0 = Debug|Any CPU
		{B2AE3A13-F6DB-4DBF-A10F-1B46C8ABAA9B}.Release|Any CPU.ActiveCfg = Release|Any CPU
		{B2AE3A13-F6DB-4DBF-A10F-1B46C8ABAA9B}.Release|Any CPU.Build.0 = Release|Any CPU
		{252BA9EF-E874-4C80-9E0E-0B003DFA1B71}.Debug|Any CPU.ActiveCfg = Debug|Any CPU
		{252BA9EF-E874-4C80-9E0E-0B003DFA1B71}.Debug|Any CPU.Build.0 = Debug|Any CPU
		{252BA9EF-E874-4C80-9E0E-0B003DFA1B71}.Release|Any CPU.ActiveCfg = Release|Any CPU
		{252BA9EF-E874-4C80-9E0E-0B003DFA1B71}.Release|Any CPU.Build.0 = Release|Any CPU
		{4A00EABC-15A4-4F58-9399-BF3B250C1D5D}.Debug|Any CPU.ActiveCfg = Debug|Any CPU
		{4A00EABC-15A4-4F58-9399-BF3B250C1D5D}.Debug|Any CPU.Build.0 = Debug|Any CPU
		{4A00EABC-15A4-4F58-9399-BF3B250C1D5D}.Release|Any CPU.ActiveCfg = Release|Any CPU
		{4A00EABC-15A4-4F58-9399-BF3B250C1D5D}.Release|Any CPU.Build.0 = Release|Any CPU
	EndGlobalSection
	GlobalSection(SolutionProperties) = preSolution
		HideSolutionNode = FALSE
	EndGlobalSection
	GlobalSection(NestedProjects) = preSolution
		{38FC220B-B102-4B6C-95F8-B8BD8C8C67E0} = {0F9C60B7-033A-4618-BBFD-3CC263F699C8}
		{0F9C60B7-033A-4618-BBFD-3CC263F699C8} = {17D53604-1188-44CD-BA98-F2BBA8A6F28E}
		{B11F81C7-A50E-487C-A7F7-8FF9753516B5} = {17D53604-1188-44CD-BA98-F2BBA8A6F28E}
		{B2AE3A13-F6DB-4DBF-A10F-1B46C8ABAA9B} = {0F9C60B7-033A-4618-BBFD-3CC263F699C8}
		{252BA9EF-E874-4C80-9E0E-0B003DFA1B71} = {B11F81C7-A50E-487C-A7F7-8FF9753516B5}
		{4A00EABC-15A4-4F58-9399-BF3B250C1D5D} = {B11F81C7-A50E-487C-A7F7-8FF9753516B5}
	EndGlobalSection
EndGlobal
